
Microsoft Visual Studio Solution File, Format Version 12.00
# Visual Studio Version 16
VisualStudioVersion = 16.0.29926.136
MinimumVisualStudioVersion = 10.0.40219.1
Project("{2150E333-8FDC-42A3-9474-1A3956D46DE8}") = "Application", "Application", "{30E8B0B0-EA7A-4EBC-8D87-5D21C816EB37}"
EndProject
Project("{2150E333-8FDC-42A3-9474-1A3956D46DE8}") = "Domain", "Domain", "{E8F33FBC-E796-4C90-AF54-5D728B385F61}"
EndProject
Project("{2150E333-8FDC-42A3-9474-1A3956D46DE8}") = "UseCase", "UseCase", "{BDBD289B-D3CD-4185-8753-8CC21C2BC8E5}"
EndProject
Project("{2150E333-8FDC-42A3-9474-1A3956D46DE8}") = "Gateway", "Gateway", "{34D4B188-6960-4BAB-9AE3-27F14D6C264F}"
EndProject
Project("{2150E333-8FDC-42A3-9474-1A3956D46DE8}") = "Repository", "Repository", "{C8473EDA-8547-41FE-A18C-F7FFEB9B3BD8}"
EndProject
Project("{2150E333-8FDC-42A3-9474-1A3956D46DE8}") = "Test", "Test", "{69CDAAB4-E170-475F-BCAE-2F240A5C28AE}"
EndProject
Project("{2150E333-8FDC-42A3-9474-1A3956D46DE8}") = "UnitTest", "UnitTest", "{06996CF0-5842-4953-990B-EDFC2B5D0835}"
EndProject
Project("{2150E333-8FDC-42A3-9474-1A3956D46DE8}") = "IntegrationTest", "IntegrationTest", "{569F6A64-008F-41BE-8737-87FB9F3DEE73}"
EndProject
Project("{9A19103F-16F7-4668-BE54-9A1E7A4F7556}") = "ControlFood.Domain", "ControlFood.Domain\ControlFood.Domain.csproj", "{9DA6381F-64DA-4A25-A1B0-E756677DDD34}"
EndProject
Project("{9A19103F-16F7-4668-BE54-9A1E7A4F7556}") = "ControlFood.UseCase", "ControlFood.UseCase\ControlFood.UseCase.csproj", "{E9049646-EBE1-4F0F-9B8C-023B693F602A}"
EndProject
Project("{2150E333-8FDC-42A3-9474-1A3956D46DE8}") = "Infrastructure", "Infrastructure", "{CC114606-35E8-460B-B22D-4DFF5C4DDA1E}"
EndProject
Project("{9A19103F-16F7-4668-BE54-9A1E7A4F7556}") = "ControlFood.DependencyInjection", "ControlFood.DependencyInjection\ControlFood.DependencyInjection.csproj", "{294AC9BE-5581-42A7-9BCB-35A4AB004F1D}"
EndProject
Project("{9A19103F-16F7-4668-BE54-9A1E7A4F7556}") = "ControlFood.Repository", "ControlFood.Repository\ControlFood.Repository.csproj", "{1DDF30F4-944F-4421-A59E-42596FEA20E1}"
EndProject
Project("{9A19103F-16F7-4668-BE54-9A1E7A4F7556}") = "ControlFood.UnitTest", "ControlFood.UnitTest\ControlFood.UnitTest.csproj", "{9D36A2B0-BA7A-45B7-BFF3-A149FB479178}"
EndProject
Global
	GlobalSection(SolutionConfigurationPlatforms) = preSolution
		Debug|Any CPU = Debug|Any CPU
		Release|Any CPU = Release|Any CPU
	EndGlobalSection
	GlobalSection(ProjectConfigurationPlatforms) = postSolution
		{9DA6381F-64DA-4A25-A1B0-E756677DDD34}.Debug|Any CPU.ActiveCfg = Debug|Any CPU
		{9DA6381F-64DA-4A25-A1B0-E756677DDD34}.Debug|Any CPU.Build.0 = Debug|Any CPU
		{9DA6381F-64DA-4A25-A1B0-E756677DDD34}.Release|Any CPU.ActiveCfg = Release|Any CPU
		{9DA6381F-64DA-4A25-A1B0-E756677DDD34}.Release|Any CPU.Build.0 = Release|Any CPU
		{E9049646-EBE1-4F0F-9B8C-023B693F602A}.Debug|Any CPU.ActiveCfg = Debug|Any CPU
		{E9049646-EBE1-4F0F-9B8C-023B693F602A}.Debug|Any CPU.Build.0 = Debug|Any CPU
		{E9049646-EBE1-4F0F-9B8C-023B693F602A}.Release|Any CPU.ActiveCfg = Release|Any CPU
		{E9049646-EBE1-4F0F-9B8C-023B693F602A}.Release|Any CPU.Build.0 = Release|Any CPU
		{294AC9BE-5581-42A7-9BCB-35A4AB004F1D}.Debug|Any CPU.ActiveCfg = Debug|Any CPU
		{294AC9BE-5581-42A7-9BCB-35A4AB004F1D}.Debug|Any CPU.Build.0 = Debug|Any CPU
		{294AC9BE-5581-42A7-9BCB-35A4AB004F1D}.Release|Any CPU.ActiveCfg = Release|Any CPU
		{294AC9BE-5581-42A7-9BCB-35A4AB004F1D}.Release|Any CPU.Build.0 = Release|Any CPU
		{1DDF30F4-944F-4421-A59E-42596FEA20E1}.Debug|Any CPU.ActiveCfg = Debug|Any CPU
		{1DDF30F4-944F-4421-A59E-42596FEA20E1}.Debug|Any CPU.Build.0 = Debug|Any CPU
		{1DDF30F4-944F-4421-A59E-42596FEA20E1}.Release|Any CPU.ActiveCfg = Release|Any CPU
		{1DDF30F4-944F-4421-A59E-42596FEA20E1}.Release|Any CPU.Build.0 = Release|Any CPU
		{9D36A2B0-BA7A-45B7-BFF3-A149FB479178}.Debug|Any CPU.ActiveCfg = Debug|Any CPU
		{9D36A2B0-BA7A-45B7-BFF3-A149FB479178}.Debug|Any CPU.Build.0 = Debug|Any CPU
		{9D36A2B0-BA7A-45B7-BFF3-A149FB479178}.Release|Any CPU.ActiveCfg = Release|Any CPU
		{9D36A2B0-BA7A-45B7-BFF3-A149FB479178}.Release|Any CPU.Build.0 = Release|Any CPU
	EndGlobalSection
	GlobalSection(SolutionProperties) = preSolution
		HideSolutionNode = FALSE
	EndGlobalSection
	GlobalSection(NestedProjects) = preSolution
		{E8F33FBC-E796-4C90-AF54-5D728B385F61} = {30E8B0B0-EA7A-4EBC-8D87-5D21C816EB37}
		{BDBD289B-D3CD-4185-8753-8CC21C2BC8E5} = {30E8B0B0-EA7A-4EBC-8D87-5D21C816EB37}
		{C8473EDA-8547-41FE-A18C-F7FFEB9B3BD8} = {34D4B188-6960-4BAB-9AE3-27F14D6C264F}
		{06996CF0-5842-4953-990B-EDFC2B5D0835} = {69CDAAB4-E170-475F-BCAE-2F240A5C28AE}
		{569F6A64-008F-41BE-8737-87FB9F3DEE73} = {69CDAAB4-E170-475F-BCAE-2F240A5C28AE}
		{9DA6381F-64DA-4A25-A1B0-E756677DDD34} = {E8F33FBC-E796-4C90-AF54-5D728B385F61}
		{E9049646-EBE1-4F0F-9B8C-023B693F602A} = {BDBD289B-D3CD-4185-8753-8CC21C2BC8E5}
		{294AC9BE-5581-42A7-9BCB-35A4AB004F1D} = {CC114606-35E8-460B-B22D-4DFF5C4DDA1E}
		{1DDF30F4-944F-4421-A59E-42596FEA20E1} = {C8473EDA-8547-41FE-A18C-F7FFEB9B3BD8}
		{9D36A2B0-BA7A-45B7-BFF3-A149FB479178} = {06996CF0-5842-4953-990B-EDFC2B5D0835}
	EndGlobalSection
	GlobalSection(ExtensibilityGlobals) = postSolution
		SolutionGuid = {B1CBD23B-4597-45FD-9DDD-C07CDA07E0B8}
	EndGlobalSection
EndGlobal
